<?xml version="1.0" encoding="utf-8"?>
<Project ToolsVersion="4.0" xmlns="http://schemas.microsoft.com/developer/msbuild/2003">
  <ItemGroup>
    <ClInclude Include="Ptr\PtrProtectContainer.h">
      <Filter>Ptr</Filter>
    </ClInclude>
    <ClInclude Include="framework.h" />
    <ClInclude Include="pch.h" />
  </ItemGroup>
  <ItemGroup>
    <ClCompile Include="Ptr\PtrProtectContainer.cpp">
      <Filter>Ptr</Filter>
    </ClCompile>
    <ClCompile Include="pch.cpp" />
    <ClCompile Include="Public.cpp" />
  </ItemGroup>
  <ItemGroup>
    <Filter Include="Ptr">
    </Filter>
    <Filter Include="x64">
    </Filter>
    <Filter Include="x64\Release">
    </Filter>
    <Filter Include="x64\Release\Public.tlog">
    </Filter>
  </ItemGroup>
</Project>