<?xml version="1.0" encoding="utf-8"?>
<Project ToolsVersion="4.0" xmlns="http://schemas.microsoft.com/developer/msbuild/2003">
  <ItemGroup>
    <ClInclude Include="Data\Character\CharacterInfo.h">
      <Filter>Data\Character</Filter>
    </ClInclude>
    <ClInclude Include="Data\Character\CharacterInfoManager.h">
      <Filter>Data\Character</Filter>
    </ClInclude>
    <ClInclude Include="Data\Character\CharacterInfoManagerTemplate.h">
      <Filter>Data\Character</Filter>
    </ClInclude>
    <ClInclude Include="Data\Character\CharacterInfoTemplate.h">
      <Filter>Data\Character</Filter>
    </ClInclude>
    <ClInclude Include="Data\InfoManagers.h">
      <Filter>Data</Filter>
    </ClInclude>
    <ClInclude Include="Data\Inventory\InventoryInfo.h">
      <Filter>Data\Inventory</Filter>
    </ClInclude>
    <ClInclude Include="Data\Inventory\InventoryInfoManager.h">
      <Filter>Data\Inventory</Filter>
    </ClInclude>
    <ClInclude Include="Data\Inventory\InventoryInfoManagerTemplate.h">
      <Filter>Data\Inventory</Filter>
    </ClInclude>
    <ClInclude Include="Data\Inventory\InventoryInfoTemplate.h">
      <Filter>Data\Inventory</Filter>
    </ClInclude>
    <ClInclude Include="Data\TestInfo.h">
      <Filter>Data</Filter>
    </ClInclude>
    <ClInclude Include="Data\TestInfoManager.h">
      <Filter>Data</Filter>
    </ClInclude>
    <ClInclude Include="Data\TestInfoManagerTemplate.h">
      <Filter>Data</Filter>
    </ClInclude>
    <ClInclude Include="Data\TestInfoTemplate.h">
      <Filter>Data</Filter>
    </ClInclude>
    <ClInclude Include="DB\GenProcedures.h">
      <Filter>DB</Filter>
    </ClInclude>
    <ClInclude Include="Logic\Core\Environment.h">
      <Filter>Logic\Core</Filter>
    </ClInclude>
    <ClInclude Include="Logic\Core\Singleton.h">
      <Filter>Logic\Core</Filter>
    </ClInclude>
    <ClInclude Include="Logic\Object\Actor\Actor.h">
      <Filter>Logic\Object\Actor</Filter>
    </ClInclude>
    <ClInclude Include="Logic\Object\Actor\Monster\Monster.h">
      <Filter>Logic\Object\Actor\Monster</Filter>
    </ClInclude>
    <ClInclude Include="Logic\Object\Actor\Player\Player.h">
      <Filter>Logic\Object\Actor\Player</Filter>
    </ClInclude>
    <ClInclude Include="Logic\Object\Actor\Player\PlayerTypes.h">
      <Filter>Logic\Object\Actor\Player</Filter>
    </ClInclude>
    <ClInclude Include="Logic\Object\Object.h">
      <Filter>Logic\Object</Filter>
    </ClInclude>
    <ClInclude Include="Logic\Room\Room.h">
      <Filter>Logic\Room</Filter>
    </ClInclude>
    <ClInclude Include="Logic\Room\RoomManager.h">
      <Filter>Logic\Room</Filter>
    </ClInclude>
    <ClInclude Include="Logic\Room\RoomTypes.h">
      <Filter>Logic\Room</Filter>
    </ClInclude>
    <ClInclude Include="Logic\Utils\Log\AtLog.h">
      <Filter>Logic\Utils\Log</Filter>
    </ClInclude>
    <ClInclude Include="Logic\Utils\ObjectUtils.h">
      <Filter>Logic\Utils</Filter>
    </ClInclude>
    <ClInclude Include="Logic\Utils\String\StringUtils.h">
      <Filter>Logic\Utils\String</Filter>
    </ClInclude>
    <ClInclude Include="Logic\Utils\Time\AtTime.h">
      <Filter>Logic\Utils\Time</Filter>
    </ClInclude>
    <ClInclude Include="Logic\Utils\Utils.h">
      <Filter>Logic\Utils</Filter>
    </ClInclude>
    <ClInclude Include="Packet\Enum.pb.h">
      <Filter>Packet</Filter>
    </ClInclude>
    <ClInclude Include="Packet\Handler\Actor\C_MoveHandler.h">
      <Filter>Packet\Handler\Actor</Filter>
    </ClInclude>
    <ClInclude Include="Packet\Handler\Chat\C_ChatHandler.h">
      <Filter>Packet\Handler\Chat</Filter>
    </ClInclude>
    <ClInclude Include="Packet\Handler\ClientPacketHandler.h">
      <Filter>Packet\Handler</Filter>
    </ClInclude>
    <ClInclude Include="Packet\Handler\Game\C_EnterGameHandler.h">
      <Filter>Packet\Handler\Game</Filter>
    </ClInclude>
    <ClInclude Include="Packet\Handler\Game\C_LeaveGameHandler.h">
      <Filter>Packet\Handler\Game</Filter>
    </ClInclude>
    <ClInclude Include="Packet\Handler\Login\C_LoginHandler.h">
      <Filter>Packet\Handler\Login</Filter>
    </ClInclude>
    <ClInclude Include="Packet\Protocol.pb.h">
      <Filter>Packet</Filter>
    </ClInclude>
    <ClInclude Include="Packet\Struct.pb.h">
      <Filter>Packet</Filter>
    </ClInclude>
    <ClInclude Include="pch.h">
      <Filter>..\..\..\GameServer</Filter>
    </ClInclude>
    <ClInclude Include="Session\GameSession.h">
      <Filter>Session</Filter>
    </ClInclude>
    <ClInclude Include="Session\GameSessionManager.h">
      <Filter>Session</Filter>
    </ClInclude>
    <ClInclude Include="Session\GameSessionTypes.h">
      <Filter>Session</Filter>
    </ClInclude>
  </ItemGroup>
  <ItemGroup>
    <ClCompile Include="Data\Character\CharacterInfo.cpp">
      <Filter>Data\Character</Filter>
    </ClCompile>
    <ClCompile Include="Data\Character\CharacterInfoManager.cpp">
      <Filter>Data\Character</Filter>
    </ClCompile>
    <ClCompile Include="Data\Character\CharacterInfoManagerTemplate.cpp">
      <Filter>Data\Character</Filter>
    </ClCompile>
    <ClCompile Include="Data\Character\CharacterInfoTemplate.cpp">
      <Filter>Data\Character</Filter>
    </ClCompile>
    <ClCompile Include="Data\Inventory\InventoryInfo.cpp">
      <Filter>Data\Inventory</Filter>
    </ClCompile>
    <ClCompile Include="Data\Inventory\InventoryInfoManager.cpp">
      <Filter>Data\Inventory</Filter>
    </ClCompile>
    <ClCompile Include="Data\Inventory\InventoryInfoManagerTemplate.cpp">
      <Filter>Data\Inventory</Filter>
    </ClCompile>
    <ClCompile Include="Data\Inventory\InventoryInfoTemplate.cpp">
      <Filter>Data\Inventory</Filter>
    </ClCompile>
    <ClCompile Include="Data\TestInfo.cpp">
      <Filter>Data</Filter>
    </ClCompile>
    <ClCompile Include="Data\TestInfoManager.cpp">
      <Filter>Data</Filter>
    </ClCompile>
    <ClCompile Include="Data\TestInfoManagerTemplate.cpp">
      <Filter>Data</Filter>
    </ClCompile>
    <ClCompile Include="Data\TestInfoTemplate.cpp">
      <Filter>Data</Filter>
    </ClCompile>
    <ClCompile Include="GameServer.cpp">
      <Filter>..\..\..\GameServer</Filter>
    </ClCompile>
    <ClCompile Include="Logic\Core\Environment.cpp">
      <Filter>Logic\Core</Filter>
    </ClCompile>
    <ClCompile Include="Logic\Core\Singleton.cpp">
      <Filter>Logic\Core</Filter>
    </ClCompile>
    <ClCompile Include="Logic\Object\Actor\Actor.cpp">
      <Filter>Logic\Object\Actor</Filter>
    </ClCompile>
    <ClCompile Include="Logic\Object\Actor\Monster\Monster.cpp">
      <Filter>Logic\Object\Actor\Monster</Filter>
    </ClCompile>
    <ClCompile Include="Logic\Object\Actor\Player\Player.cpp">
      <Filter>Logic\Object\Actor\Player</Filter>
    </ClCompile>
    <ClCompile Include="Logic\Object\Object.cpp">
      <Filter>Logic\Object</Filter>
    </ClCompile>
    <ClCompile Include="Logic\Room\Room.cpp">
      <Filter>Logic\Room</Filter>
    </ClCompile>
    <ClCompile Include="Logic\Room\RoomManager.cpp">
      <Filter>Logic\Room</Filter>
    </ClCompile>
    <ClCompile Include="Logic\Utils\Log\AtLog.cpp">
      <Filter>Logic\Utils\Log</Filter>
    </ClCompile>
    <ClCompile Include="Logic\Utils\ObjectUtils.cpp">
      <Filter>Logic\Utils</Filter>
    </ClCompile>
    <ClCompile Include="Logic\Utils\String\StringUtils.cpp">
      <Filter>Logic\Utils\String</Filter>
    </ClCompile>
    <ClCompile Include="Logic\Utils\Time\AtTime.cpp">
      <Filter>Logic\Utils\Time</Filter>
    </ClCompile>
    <ClCompile Include="Logic\Utils\Utils.cpp">
      <Filter>Logic\Utils</Filter>
    </ClCompile>
    <ClCompile Include="Packet\Handler\Actor\C_MoveHandler.cpp">
      <Filter>Packet\Handler\Actor</Filter>
    </ClCompile>
    <ClCompile Include="Packet\Handler\Chat\C_ChatHandler.cpp">
      <Filter>Packet\Handler\Chat</Filter>
    </ClCompile>
    <ClCompile Include="Packet\Handler\ClientPacketHandler.cpp">
      <Filter>Packet\Handler</Filter>
    </ClCompile>
    <ClCompile Include="Packet\Handler\C_ChatHandlerTemplate.cpp">
      <Filter>Packet\Handler</Filter>
    </ClCompile>
    <ClCompile Include="Packet\Handler\C_EnterGameHandlerTemplate.cpp">
      <Filter>Packet\Handler</Filter>
    </ClCompile>
    <ClCompile Include="Packet\Handler\C_LeaveGameHandlerTemplate.cpp">
      <Filter>Packet\Handler</Filter>
    </ClCompile>
    <ClCompile Include="Packet\Handler\C_LoginHandlerTemplate.cpp">
      <Filter>Packet\Handler</Filter>
    </ClCompile>
    <ClCompile Include="Packet\Handler\C_MoveHandlerTemplate.cpp">
      <Filter>Packet\Handler</Filter>
    </ClCompile>
    <ClCompile Include="Packet\Handler\Game\C_EnterGameHandler.cpp">
      <Filter>Packet\Handler\Game</Filter>
    </ClCompile>
    <ClCompile Include="Packet\Handler\Game\C_LeaveGameHandler.cpp">
      <Filter>Packet\Handler\Game</Filter>
    </ClCompile>
    <ClCompile Include="Packet\Handler\Login\C_LoginHandler.cpp">
      <Filter>Packet\Handler\Login</Filter>
    </ClCompile>
    <ClCompile Include="pch.cpp">
      <Filter>..\..\..\GameServer</Filter>
    </ClCompile>
    <ClCompile Include="Session\GameSession.cpp">
      <Filter>Session</Filter>
    </ClCompile>
    <ClCompile Include="Session\GameSessionManager.cpp">
      <Filter>Session</Filter>
    </ClCompile>
  </ItemGroup>
  <ItemGroup>
    <Xml Include="DB\GameDB.xml">
      <Filter>DB</Filter>
    </Xml>
  </ItemGroup>
  <ItemGroup>
    <ClCompile Include="Packet\Enum.pb.cc">
      <Filter>Packet</Filter>
    </ClCompile>
    <ClCompile Include="Packet\Protocol.pb.cc">
      <Filter>Packet</Filter>
    </ClCompile>
    <ClCompile Include="Packet\Struct.pb.cc">
      <Filter>Packet</Filter>
    </ClCompile>
  </ItemGroup>
  <ItemGroup>
    <None Include="Packet\Enum.proto">
      <Filter>Packet</Filter>
    </None>
    <None Include="Packet\Protocol.proto">
      <Filter>Packet</Filter>
    </None>
    <None Include="Packet\Struct.proto">
      <Filter>Packet</Filter>
    </None>
  </ItemGroup>
  <ItemGroup>
    <Filter Include="Data">
    </Filter>
    <Filter Include="Data\Character">
    </Filter>
    <Filter Include="Data\Inventory">
    </Filter>
    <Filter Include="DB">
    </Filter>
    <Filter Include="Debug">
    </Filter>
    <Filter Include="Logic">
    </Filter>
    <Filter Include="Logic\Core">
    </Filter>
    <Filter Include="Logic\Object">
    </Filter>
    <Filter Include="Logic\Object\Actor">
    </Filter>
    <Filter Include="Logic\Object\Actor\Monster">
    </Filter>
    <Filter Include="Logic\Object\Actor\Player">
    </Filter>
    <Filter Include="Logic\Room">
    </Filter>
    <Filter Include="Logic\Utils">
    </Filter>
    <Filter Include="Logic\Utils\Log">
    </Filter>
    <Filter Include="Logic\Utils\String">
    </Filter>
    <Filter Include="Logic\Utils\Time">
    </Filter>
    <Filter Include="Packet">
    </Filter>
    <Filter Include="Packet\Handler">
    </Filter>
    <Filter Include="Packet\Handler\Actor">
    </Filter>
    <Filter Include="Packet\Handler\Chat">
    </Filter>
    <Filter Include="Packet\Handler\Game">
    </Filter>
    <Filter Include="Packet\Handler\Login">
    </Filter>
    <Filter Include="Session">
    </Filter>
    <Filter Include="x64">
    </Filter>
    <Filter Include="x64\Debug">
    </Filter>
    <Filter Include="x64\Debug\GameServer.tlog">
    </Filter>
    <Filter Include="x64\Release">
    </Filter>
    <Filter Include="x64\Release\GameServer.tlog">
    </Filter>
  </ItemGroup>
</Project>