<?xml version="1.0" encoding="utf-8"?>
<Project ToolsVersion="4.0" xmlns="http://schemas.microsoft.com/developer/msbuild/2003">
  <ItemGroup>
    <ClInclude Include="Data\AI\AIInfo.h">
      <Filter>Data\AI</Filter>
    </ClInclude>
    <ClInclude Include="Data\AI\AIInfoManager.h">
      <Filter>Data\AI</Filter>
    </ClInclude>
    <ClInclude Include="Data\AI\AIInfoManagerTemplate.h">
      <Filter>Data\AI</Filter>
    </ClInclude>
    <ClInclude Include="Data\AI\AIInfoTemplate.h">
      <Filter>Data\AI</Filter>
    </ClInclude>
    <ClInclude Include="Data\Character\CharacterInfo.h">
      <Filter>Data\Character</Filter>
    </ClInclude>
    <ClInclude Include="Data\Character\CharacterInfoManager.h">
      <Filter>Data\Character</Filter>
    </ClInclude>
    <ClInclude Include="Data\Character\CharacterInfoManagerTemplate.h">
      <Filter>Data\Character</Filter>
    </ClInclude>
    <ClInclude Include="Data\Character\CharacterInfoTemplate.h">
      <Filter>Data\Character</Filter>
    </ClInclude>
    <ClInclude Include="Data\Character\ClassInfo.h">
      <Filter>Data\Character</Filter>
    </ClInclude>
    <ClInclude Include="Data\Character\ClassInfoManager.h">
      <Filter>Data\Character</Filter>
    </ClInclude>
    <ClInclude Include="Data\Character\ClassInfoManagerTemplate.h">
      <Filter>Data\Character</Filter>
    </ClInclude>
    <ClInclude Include="Data\Character\ClassInfoTemplate.h">
      <Filter>Data\Character</Filter>
    </ClInclude>
    <ClInclude Include="Data\InfoManagers.h">
      <Filter>Data</Filter>
    </ClInclude>
    <ClInclude Include="Data\Inventory\InventoryInfo.h">
      <Filter>Data\Inventory</Filter>
    </ClInclude>
    <ClInclude Include="Data\Inventory\InventoryInfoManager.h">
      <Filter>Data\Inventory</Filter>
    </ClInclude>
    <ClInclude Include="Data\Inventory\InventoryInfoManagerTemplate.h">
      <Filter>Data\Inventory</Filter>
    </ClInclude>
    <ClInclude Include="Data\Inventory\InventoryInfoTemplate.h">
      <Filter>Data\Inventory</Filter>
    </ClInclude>
    <ClInclude Include="Data\Item\ItemInfo.h">
      <Filter>Data\Item</Filter>
    </ClInclude>
    <ClInclude Include="Data\Item\ItemInfoManager.h">
      <Filter>Data\Item</Filter>
    </ClInclude>
    <ClInclude Include="Data\Item\ItemInfoManagerTemplate.h">
      <Filter>Data\Item</Filter>
    </ClInclude>
    <ClInclude Include="Data\Item\ItemInfoTemplate.h">
      <Filter>Data\Item</Filter>
    </ClInclude>
    <ClInclude Include="Data\Monster\MonsterInfo.h">
      <Filter>Data\Monster</Filter>
    </ClInclude>
    <ClInclude Include="Data\Monster\MonsterInfoManager.h">
      <Filter>Data\Monster</Filter>
    </ClInclude>
    <ClInclude Include="Data\Monster\MonsterInfoManagerTemplate.h">
      <Filter>Data\Monster</Filter>
    </ClInclude>
    <ClInclude Include="Data\Monster\MonsterInfoTemplate.h">
      <Filter>Data\Monster</Filter>
    </ClInclude>
    <ClInclude Include="Data\Spawn\MonsterSpawnInfo.h">
      <Filter>Data\Spawn</Filter>
    </ClInclude>
    <ClInclude Include="Data\Spawn\MonsterSpawnInfoManager.h">
      <Filter>Data\Spawn</Filter>
    </ClInclude>
    <ClInclude Include="Data\Spawn\MonsterSpawnInfoManagerTemplate.h">
      <Filter>Data\Spawn</Filter>
    </ClInclude>
    <ClInclude Include="Data\Spawn\MonsterSpawnInfoTemplate.h">
      <Filter>Data\Spawn</Filter>
    </ClInclude>
    <ClInclude Include="Data\TestInfo.h">
      <Filter>Data</Filter>
    </ClInclude>
    <ClInclude Include="Data\TestInfoManager.h">
      <Filter>Data</Filter>
    </ClInclude>
    <ClInclude Include="Data\TestInfoManagerTemplate.h">
      <Filter>Data</Filter>
    </ClInclude>
    <ClInclude Include="Data\TestInfoTemplate.h">
      <Filter>Data</Filter>
    </ClInclude>
    <ClInclude Include="DB\GenProcedures.h">
      <Filter>DB</Filter>
    </ClInclude>
    <ClInclude Include="Logic\AI\AI.h">
      <Filter>Logic\AI</Filter>
    </ClInclude>
    <ClInclude Include="Logic\AI\AIAttackAction.h">
      <Filter>Logic\AI</Filter>
    </ClInclude>
    <ClInclude Include="Logic\AI\AIChaseAction.h">
      <Filter>Logic\AI</Filter>
    </ClInclude>
    <ClInclude Include="Logic\AI\AICondition.h">
      <Filter>Logic\AI</Filter>
    </ClInclude>
    <ClInclude Include="Logic\AI\AIMoveAction.h">
      <Filter>Logic\AI</Filter>
    </ClInclude>
    <ClInclude Include="Logic\AI\AINode.h">
      <Filter>Logic\AI</Filter>
    </ClInclude>
    <ClInclude Include="Logic\AI\AISelector.h">
      <Filter>Logic\AI</Filter>
    </ClInclude>
    <ClInclude Include="Logic\AI\AISequence.h">
      <Filter>Logic\AI</Filter>
    </ClInclude>
    <ClInclude Include="Logic\Core\Environment.h">
      <Filter>Logic\Core</Filter>
    </ClInclude>
    <ClInclude Include="Logic\Core\Singleton.h">
      <Filter>Logic\Core</Filter>
    </ClInclude>
    <ClInclude Include="Logic\Object\Actor\Actor.h">
      <Filter>Logic\Object\Actor</Filter>
    </ClInclude>
    <ClInclude Include="Logic\Object\Actor\ActorTypes.h">
      <Filter>Logic\Object\Actor</Filter>
    </ClInclude>
    <ClInclude Include="Logic\Object\Actor\Monster\Monster.h">
      <Filter>Logic\Object\Actor\Monster</Filter>
    </ClInclude>
    <ClInclude Include="Logic\Object\Actor\Monster\MonsterTypes.h">
      <Filter>Logic\Object\Actor\Monster</Filter>
    </ClInclude>
    <ClInclude Include="Logic\Object\Actor\Player\Player.h">
      <Filter>Logic\Object\Actor\Player</Filter>
    </ClInclude>
    <ClInclude Include="Logic\Object\Actor\Player\PlayerTypes.h">
      <Filter>Logic\Object\Actor\Player</Filter>
    </ClInclude>
    <ClInclude Include="Logic\Object\Object.h">
      <Filter>Logic\Object</Filter>
    </ClInclude>
    <ClInclude Include="Logic\Object\ObjectTypes.h">
      <Filter>Logic\Object</Filter>
    </ClInclude>
    <ClInclude Include="Logic\Room\Lobby.h">
      <Filter>Logic\Room</Filter>
    </ClInclude>
    <ClInclude Include="Logic\Room\PlayRoom.h">
      <Filter>Logic\Room</Filter>
    </ClInclude>
    <ClInclude Include="Logic\Room\PlayRoomManager.h">
      <Filter>Logic\Room</Filter>
    </ClInclude>
    <ClInclude Include="Logic\Room\Room.h">
      <Filter>Logic\Room</Filter>
    </ClInclude>
    <ClInclude Include="Logic\Room\RoomTypes.h">
      <Filter>Logic\Room</Filter>
    </ClInclude>
    <ClInclude Include="Logic\Room\WaitingRoom.h">
      <Filter>Logic\Room</Filter>
    </ClInclude>
    <ClInclude Include="Logic\Room\WaitingRoomManager.h">
      <Filter>Logic\Room</Filter>
    </ClInclude>
    <ClInclude Include="Logic\Spawn\MonsterSpawnManager.h">
      <Filter>Logic\Spawn</Filter>
    </ClInclude>
    <ClInclude Include="Logic\Utils\Log\AtLog.h">
      <Filter>Logic\Utils\Log</Filter>
    </ClInclude>
    <ClInclude Include="Logic\Utils\ObjectUtils.h">
      <Filter>Logic\Utils</Filter>
    </ClInclude>
    <ClInclude Include="Logic\Utils\String\StringUtils.h">
      <Filter>Logic\Utils\String</Filter>
    </ClInclude>
    <ClInclude Include="Logic\Utils\Time\AtTime.h">
      <Filter>Logic\Utils\Time</Filter>
    </ClInclude>
    <ClInclude Include="Logic\Utils\Utils.h">
      <Filter>Logic\Utils</Filter>
    </ClInclude>
    <ClInclude Include="Packet\Enum.pb.h">
      <Filter>Packet</Filter>
    </ClInclude>
    <ClInclude Include="Packet\Handler\Actor\C_MoveHandler.h">
      <Filter>Packet\Handler\Actor</Filter>
    </ClInclude>
    <ClInclude Include="Packet\Handler\Anim\C_AnimationEventHandler.h">
      <Filter>Packet\Handler\Anim</Filter>
    </ClInclude>
    <ClInclude Include="Packet\Handler\Chat\C_ChatHandler.h">
      <Filter>Packet\Handler\Chat</Filter>
    </ClInclude>
    <ClInclude Include="Packet\Handler\ClientPacketHandler.h">
      <Filter>Packet\Handler</Filter>
    </ClInclude>
    <ClInclude Include="Packet\Handler\Game\C_EnterGameFinishHandler.h">
      <Filter>Packet\Handler\Game</Filter>
    </ClInclude>
    <ClInclude Include="Packet\Handler\Game\C_EnterGameHandler.h">
      <Filter>Packet\Handler\Game</Filter>
    </ClInclude>
    <ClInclude Include="Packet\Handler\Game\C_LeaveGameHandler.h">
      <Filter>Packet\Handler\Game</Filter>
    </ClInclude>
    <ClInclude Include="Packet\Handler\Login\C_LoginHandler.h">
      <Filter>Packet\Handler\Login</Filter>
    </ClInclude>
    <ClInclude Include="Packet\Handler\PacketId.h">
      <Filter>Packet\Handler</Filter>
    </ClInclude>
    <ClInclude Include="Packet\Handler\Room\C_EnterLobbyHandler.h">
      <Filter>Packet\Handler\Room</Filter>
    </ClInclude>
    <ClInclude Include="Packet\Handler\Room\C_MakeRoomHandler.h">
      <Filter>Packet\Handler\Room</Filter>
    </ClInclude>
    <ClInclude Include="Packet\Handler\Room\C_RequestAllRoomInfoHandler.h">
      <Filter>Packet\Handler\Room</Filter>
    </ClInclude>
    <ClInclude Include="Packet\Handler\Room\C_WaitingRoomEnterHandler.h">
      <Filter>Packet\Handler\Room</Filter>
    </ClInclude>
    <ClInclude Include="Packet\Protocol.pb.h">
      <Filter>Packet</Filter>
    </ClInclude>
    <ClInclude Include="Packet\Struct.pb.h">
      <Filter>Packet</Filter>
    </ClInclude>
    <ClInclude Include="pch.h">
      <Filter>..\..\..\GameServer</Filter>
    </ClInclude>
    <ClInclude Include="Session\GameSession.h">
      <Filter>Session</Filter>
    </ClInclude>
    <ClInclude Include="Session\GameSessionManager.h">
      <Filter>Session</Filter>
    </ClInclude>
    <ClInclude Include="Session\GameSessionTypes.h">
      <Filter>Session</Filter>
    </ClInclude>
  </ItemGroup>
  <ItemGroup>
    <ClCompile Include="Data\AI\AIInfo.cpp">
      <Filter>Data\AI</Filter>
    </ClCompile>
    <ClCompile Include="Data\AI\AIInfoManager.cpp">
      <Filter>Data\AI</Filter>
    </ClCompile>
    <ClCompile Include="Data\AI\AIInfoManagerTemplate.cpp">
      <Filter>Data\AI</Filter>
    </ClCompile>
    <ClCompile Include="Data\AI\AIInfoTemplate.cpp">
      <Filter>Data\AI</Filter>
    </ClCompile>
    <ClCompile Include="Data\Character\CharacterInfo.cpp">
      <Filter>Data\Character</Filter>
    </ClCompile>
    <ClCompile Include="Data\Character\CharacterInfoManager.cpp">
      <Filter>Data\Character</Filter>
    </ClCompile>
    <ClCompile Include="Data\Character\CharacterInfoManagerTemplate.cpp">
      <Filter>Data\Character</Filter>
    </ClCompile>
    <ClCompile Include="Data\Character\CharacterInfoTemplate.cpp">
      <Filter>Data\Character</Filter>
    </ClCompile>
    <ClCompile Include="Data\Character\ClassInfo.cpp">
      <Filter>Data\Character</Filter>
    </ClCompile>
    <ClCompile Include="Data\Character\ClassInfoManager.cpp">
      <Filter>Data\Character</Filter>
    </ClCompile>
    <ClCompile Include="Data\Character\ClassInfoManagerTemplate.cpp">
      <Filter>Data\Character</Filter>
    </ClCompile>
    <ClCompile Include="Data\Character\ClassInfoTemplate.cpp">
      <Filter>Data\Character</Filter>
    </ClCompile>
    <ClCompile Include="Data\Inventory\InventoryInfo.cpp">
      <Filter>Data\Inventory</Filter>
    </ClCompile>
    <ClCompile Include="Data\Inventory\InventoryInfoManager.cpp">
      <Filter>Data\Inventory</Filter>
    </ClCompile>
    <ClCompile Include="Data\Inventory\InventoryInfoManagerTemplate.cpp">
      <Filter>Data\Inventory</Filter>
    </ClCompile>
    <ClCompile Include="Data\Inventory\InventoryInfoTemplate.cpp">
      <Filter>Data\Inventory</Filter>
    </ClCompile>
    <ClCompile Include="Data\Item\ItemInfo.cpp">
      <Filter>Data\Item</Filter>
    </ClCompile>
    <ClCompile Include="Data\Item\ItemInfoManager.cpp">
      <Filter>Data\Item</Filter>
    </ClCompile>
    <ClCompile Include="Data\Item\ItemInfoManagerTemplate.cpp">
      <Filter>Data\Item</Filter>
    </ClCompile>
    <ClCompile Include="Data\Item\ItemInfoTemplate.cpp">
      <Filter>Data\Item</Filter>
    </ClCompile>
    <ClCompile Include="Data\Monster\MonsterInfo.cpp">
      <Filter>Data\Monster</Filter>
    </ClCompile>
    <ClCompile Include="Data\Monster\MonsterInfoManager.cpp">
      <Filter>Data\Monster</Filter>
    </ClCompile>
    <ClCompile Include="Data\Monster\MonsterInfoManagerTemplate.cpp">
      <Filter>Data\Monster</Filter>
    </ClCompile>
    <ClCompile Include="Data\Monster\MonsterInfoTemplate.cpp">
      <Filter>Data\Monster</Filter>
    </ClCompile>
    <ClCompile Include="Data\Spawn\MonsterSpawnInfo.cpp">
      <Filter>Data\Spawn</Filter>
    </ClCompile>
    <ClCompile Include="Data\Spawn\MonsterSpawnInfoManager.cpp">
      <Filter>Data\Spawn</Filter>
    </ClCompile>
    <ClCompile Include="Data\Spawn\MonsterSpawnInfoManagerTemplate.cpp">
      <Filter>Data\Spawn</Filter>
    </ClCompile>
    <ClCompile Include="Data\Spawn\MonsterSpawnInfoTemplate.cpp">
      <Filter>Data\Spawn</Filter>
    </ClCompile>
    <ClCompile Include="Data\TestInfo.cpp">
      <Filter>Data</Filter>
    </ClCompile>
    <ClCompile Include="Data\TestInfoManager.cpp">
      <Filter>Data</Filter>
    </ClCompile>
    <ClCompile Include="Data\TestInfoManagerTemplate.cpp">
      <Filter>Data</Filter>
    </ClCompile>
    <ClCompile Include="Data\TestInfoTemplate.cpp">
      <Filter>Data</Filter>
    </ClCompile>
    <ClCompile Include="GameServer.cpp">
      <Filter>..\..\..\GameServer</Filter>
    </ClCompile>
    <ClCompile Include="Logic\AI\AI.cpp">
      <Filter>Logic\AI</Filter>
    </ClCompile>
    <ClCompile Include="Logic\AI\AIAttackAction.cpp">
      <Filter>Logic\AI</Filter>
    </ClCompile>
    <ClCompile Include="Logic\AI\AIChaseAction.cpp">
      <Filter>Logic\AI</Filter>
    </ClCompile>
    <ClCompile Include="Logic\AI\AICondition.cpp">
      <Filter>Logic\AI</Filter>
    </ClCompile>
    <ClCompile Include="Logic\AI\AIMoveAction.cpp">
      <Filter>Logic\AI</Filter>
    </ClCompile>
    <ClCompile Include="Logic\AI\AISelector.cpp">
      <Filter>Logic\AI</Filter>
    </ClCompile>
    <ClCompile Include="Logic\AI\AISequence.cpp">
      <Filter>Logic\AI</Filter>
    </ClCompile>
    <ClCompile Include="Logic\Core\Environment.cpp">
      <Filter>Logic\Core</Filter>
    </ClCompile>
    <ClCompile Include="Logic\Core\Singleton.cpp">
      <Filter>Logic\Core</Filter>
    </ClCompile>
    <ClCompile Include="Logic\Object\Actor\Actor.cpp">
      <Filter>Logic\Object\Actor</Filter>
    </ClCompile>
    <ClCompile Include="Logic\Object\Actor\Monster\Monster.cpp">
      <Filter>Logic\Object\Actor\Monster</Filter>
    </ClCompile>
    <ClCompile Include="Logic\Object\Actor\Player\Player.cpp">
      <Filter>Logic\Object\Actor\Player</Filter>
    </ClCompile>
    <ClCompile Include="Logic\Object\Object.cpp">
      <Filter>Logic\Object</Filter>
    </ClCompile>
    <ClCompile Include="Logic\Room\Lobby.cpp">
      <Filter>Logic\Room</Filter>
    </ClCompile>
    <ClCompile Include="Logic\Room\PlayRoom.cpp">
      <Filter>Logic\Room</Filter>
    </ClCompile>
    <ClCompile Include="Logic\Room\PlayRoomManager.cpp">
      <Filter>Logic\Room</Filter>
    </ClCompile>
    <ClCompile Include="Logic\Room\Room.cpp">
      <Filter>Logic\Room</Filter>
    </ClCompile>
    <ClCompile Include="Logic\Room\WaitingRoom.cpp">
      <Filter>Logic\Room</Filter>
    </ClCompile>
    <ClCompile Include="Logic\Room\WaitingRoomManager.cpp">
      <Filter>Logic\Room</Filter>
    </ClCompile>
    <ClCompile Include="Logic\Spawn\MonsterSpawnManager.cpp">
      <Filter>Logic\Spawn</Filter>
    </ClCompile>
    <ClCompile Include="Logic\Utils\Log\AtLog.cpp">
      <Filter>Logic\Utils\Log</Filter>
    </ClCompile>
    <ClCompile Include="Logic\Utils\ObjectUtils.cpp">
      <Filter>Logic\Utils</Filter>
    </ClCompile>
    <ClCompile Include="Logic\Utils\String\StringUtils.cpp">
      <Filter>Logic\Utils\String</Filter>
    </ClCompile>
    <ClCompile Include="Logic\Utils\Time\AtTime.cpp">
      <Filter>Logic\Utils\Time</Filter>
    </ClCompile>
    <ClCompile Include="Logic\Utils\Utils.cpp">
      <Filter>Logic\Utils</Filter>
    </ClCompile>
    <ClCompile Include="Packet\Handler\Actor\C_MoveHandler.cpp">
      <Filter>Packet\Handler\Actor</Filter>
    </ClCompile>
    <ClCompile Include="Packet\Handler\Anim\C_AnimationEventHandler.cpp">
      <Filter>Packet\Handler\Anim</Filter>
    </ClCompile>
    <ClCompile Include="Packet\Handler\Chat\C_ChatHandler.cpp">
      <Filter>Packet\Handler\Chat</Filter>
    </ClCompile>
    <ClCompile Include="Packet\Handler\ClientPacketHandler.cpp">
      <Filter>Packet\Handler</Filter>
    </ClCompile>
    <ClCompile Include="Packet\Handler\C_AnimationEventHandlerTemplate.cpp">
      <Filter>Packet\Handler</Filter>
    </ClCompile>
    <ClCompile Include="Packet\Handler\C_ChatHandlerTemplate.cpp">
      <Filter>Packet\Handler</Filter>
    </ClCompile>
    <ClCompile Include="Packet\Handler\C_EnterGameFinishHandlerTemplate.cpp">
      <Filter>Packet\Handler</Filter>
    </ClCompile>
    <ClCompile Include="Packet\Handler\C_EnterGameHandlerTemplate.cpp">
      <Filter>Packet\Handler</Filter>
    </ClCompile>
    <ClCompile Include="Packet\Handler\C_EnterLobbyHandlerTemplate.cpp">
      <Filter>Packet\Handler</Filter>
    </ClCompile>
    <ClCompile Include="Packet\Handler\C_LeaveGameHandlerTemplate.cpp">
      <Filter>Packet\Handler</Filter>
    </ClCompile>
    <ClCompile Include="Packet\Handler\C_LoginHandlerTemplate.cpp">
      <Filter>Packet\Handler</Filter>
    </ClCompile>
    <ClCompile Include="Packet\Handler\C_MakeRoomHandlerTemplate.cpp">
      <Filter>Packet\Handler</Filter>
    </ClCompile>
    <ClCompile Include="Packet\Handler\C_MoveHandlerTemplate.cpp">
      <Filter>Packet\Handler</Filter>
    </ClCompile>
    <ClCompile Include="Packet\Handler\C_RequestAllRoomInfoHandlerTemplate.cpp">
      <Filter>Packet\Handler</Filter>
    </ClCompile>
    <ClCompile Include="Packet\Handler\C_WaitingRoomEnterHandlerTemplate.cpp">
      <Filter>Packet\Handler</Filter>
    </ClCompile>
    <ClCompile Include="Packet\Handler\Game\C_EnterGameFinishHandler.cpp">
      <Filter>Packet\Handler\Game</Filter>
    </ClCompile>
    <ClCompile Include="Packet\Handler\Game\C_EnterGameHandler.cpp">
      <Filter>Packet\Handler\Game</Filter>
    </ClCompile>
    <ClCompile Include="Packet\Handler\Game\C_LeaveGameHandler.cpp">
      <Filter>Packet\Handler\Game</Filter>
    </ClCompile>
    <ClCompile Include="Packet\Handler\Login\C_LoginHandler.cpp">
      <Filter>Packet\Handler\Login</Filter>
    </ClCompile>
    <ClCompile Include="Packet\Handler\Room\C_EnterLobbyHandler.cpp">
      <Filter>Packet\Handler\Room</Filter>
    </ClCompile>
    <ClCompile Include="Packet\Handler\Room\C_MakeRoomHandler.cpp">
      <Filter>Packet\Handler\Room</Filter>
    </ClCompile>
    <ClCompile Include="Packet\Handler\Room\C_RequestAllRoomInfoHandler.cpp">
      <Filter>Packet\Handler\Room</Filter>
    </ClCompile>
    <ClCompile Include="Packet\Handler\Room\C_WaitingRoomEnterHandler.cpp">
      <Filter>Packet\Handler\Room</Filter>
    </ClCompile>
    <ClCompile Include="pch.cpp">
      <Filter>..\..\..\GameServer</Filter>
    </ClCompile>
    <ClCompile Include="Session\GameSession.cpp">
      <Filter>Session</Filter>
    </ClCompile>
    <ClCompile Include="Session\GameSessionManager.cpp">
      <Filter>Session</Filter>
    </ClCompile>
  </ItemGroup>
  <ItemGroup>
    <Xml Include="DB\GameDB.xml">
      <Filter>DB</Filter>
    </Xml>
  </ItemGroup>
  <ItemGroup>
    <ClCompile Include="Packet\Enum.pb.cc">
      <Filter>Packet</Filter>
    </ClCompile>
    <ClCompile Include="Packet\Protocol.pb.cc">
      <Filter>Packet</Filter>
    </ClCompile>
    <ClCompile Include="Packet\Struct.pb.cc">
      <Filter>Packet</Filter>
    </ClCompile>
  </ItemGroup>
  <ItemGroup>
    <None Include="Packet\Enum.proto">
      <Filter>Packet</Filter>
    </None>
    <None Include="Packet\Protocol.proto">
      <Filter>Packet</Filter>
    </None>
    <None Include="Packet\Struct.proto">
      <Filter>Packet</Filter>
    </None>
  </ItemGroup>
  <ItemGroup>
    <Filter Include="Data">
    </Filter>
    <Filter Include="Data\AI">
    </Filter>
    <Filter Include="Data\Character">
    </Filter>
    <Filter Include="Data\Inventory">
    </Filter>
    <Filter Include="Data\Item">
    </Filter>
    <Filter Include="Data\Monster">
    </Filter>
    <Filter Include="Data\Spawn">
    </Filter>
    <Filter Include="DB">
    </Filter>
    <Filter Include="Debug">
    </Filter>
    <Filter Include="Logic">
    </Filter>
    <Filter Include="Logic\AI">
    </Filter>
    <Filter Include="Logic\Core">
    </Filter>
    <Filter Include="Logic\Object">
    </Filter>
    <Filter Include="Logic\Object\Actor">
    </Filter>
    <Filter Include="Logic\Object\Actor\Monster">
    </Filter>
    <Filter Include="Logic\Object\Actor\Player">
    </Filter>
    <Filter Include="Logic\Room">
    </Filter>
    <Filter Include="Logic\Spawn">
    </Filter>
    <Filter Include="Logic\Utils">
    </Filter>
    <Filter Include="Logic\Utils\Log">
    </Filter>
    <Filter Include="Logic\Utils\String">
    </Filter>
    <Filter Include="Logic\Utils\Time">
    </Filter>
    <Filter Include="Packet">
    </Filter>
    <Filter Include="Packet\Handler">
    </Filter>
    <Filter Include="Packet\Handler\Actor">
    </Filter>
    <Filter Include="Packet\Handler\Anim">
    </Filter>
    <Filter Include="Packet\Handler\Chat">
    </Filter>
    <Filter Include="Packet\Handler\Game">
    </Filter>
    <Filter Include="Packet\Handler\Login">
    </Filter>
    <Filter Include="Packet\Handler\Room">
    </Filter>
    <Filter Include="Packet\Handler\Test">
    </Filter>
    <Filter Include="Session">
    </Filter>
    <Filter Include="x64">
    </Filter>
    <Filter Include="x64\Debug">
    </Filter>
    <Filter Include="x64\Debug\GameServer.tlog">
    </Filter>
    <Filter Include="x64\Release">
    </Filter>
    <Filter Include="x64\Release\GameServer.tlog">
    </Filter>
  </ItemGroup>
</Project>